Microsoft Visual Studio Solution File, Format Version 11.00
# Visual Studio 2008

Project("{094C029C-83F3-D665-70E1-C4683F27E533}") = "3Dopsgab", "Assembly-CSharp-firstpass.csproj", "{752BD122-5E43-4595-FA93-864774BE538A}"
EndProject
Project("{094C029C-83F3-D665-70E1-C4683F27E533}") = "3Dopsgab", "Assembly-CSharp.csproj", "{228EC6B2-8F40-3C3B-FBEC-5A352D76EDB2}"
EndProject
Project("{094C029C-83F3-D665-70E1-C4683F27E533}") = "3Dopsgab", "Assembly-CSharp-Editor-firstpass.csproj", "{7CC572D7-83FF-0EC7-82C9-C31BEA10C4BB}"
EndProject
Project("{094C029C-83F3-D665-70E1-C4683F27E533}") = "3Dopsgab", "Assembly-CSharp-Editor.csproj", "{453BE25B-7812-5A2D-97C3-B275D86AEF58}"
EndProject
Project("{094C029C-83F3-D665-70E1-C4683F27E533}") = "3Dopsgab", "Assembly-UnityScript-firstpass.unityproj", "{28B3DBD7-F24C-B6FC-0061-16F475B556B5}"
EndProject
Project("{094C029C-83F3-D665-70E1-C4683F27E533}") = "3Dopsgab", "Assembly-UnityScript.unityproj", "{3CB4684A-C28C-C113-699F-14A40F73D351}"
EndProject
Global
	GlobalSection(SolutionConfigurationPlatforms) = preSolution
		Debug|Any CPU = Debug|Any CPU
		Release|Any CPU = Release|Any CPU
	EndGlobalSection
	GlobalSection(ProjectConfigurationPlatforms) = postSolution
		{752BD122-5E43-4595-FA93-864774BE538A}.Debug|Any CPU.ActiveCfg = Debug|Any CPU
		{752BD122-5E43-4595-FA93-864774BE538A}.Debug|Any CPU.Build.0 = Debug|Any CPU
		{752BD122-5E43-4595-FA93-864774BE538A}.Release|Any CPU.ActiveCfg = Release|Any CPU
		{752BD122-5E43-4595-FA93-864774BE538A}.Release|Any CPU.Build.0 = Release|Any CPU
		{228EC6B2-8F40-3C3B-FBEC-5A352D76EDB2}.Debug|Any CPU.ActiveCfg = Debug|Any CPU
		{228EC6B2-8F40-3C3B-FBEC-5A352D76EDB2}.Debug|Any CPU.Build.0 = Debug|Any CPU
		{228EC6B2-8F40-3C3B-FBEC-5A352D76EDB2}.Release|Any CPU.ActiveCfg = Release|Any CPU
		{228EC6B2-8F40-3C3B-FBEC-5A352D76EDB2}.Release|Any CPU.Build.0 = Release|Any CPU
		{7CC572D7-83FF-0EC7-82C9-C31BEA10C4BB}.Debug|Any CPU.ActiveCfg = Debug|Any CPU
		{7CC572D7-83FF-0EC7-82C9-C31BEA10C4BB}.Debug|Any CPU.Build.0 = Debug|Any CPU
		{7CC572D7-83FF-0EC7-82C9-C31BEA10C4BB}.Release|Any CPU.ActiveCfg = Release|Any CPU
		{7CC572D7-83FF-0EC7-82C9-C31BEA10C4BB}.Release|Any CPU.Build.0 = Release|Any CPU
		{453BE25B-7812-5A2D-97C3-B275D86AEF58}.Debug|Any CPU.ActiveCfg = Debug|Any CPU
		{453BE25B-7812-5A2D-97C3-B275D86AEF58}.Debug|Any CPU.Build.0 = Debug|Any CPU
		{453BE25B-7812-5A2D-97C3-B275D86AEF58}.Release|Any CPU.ActiveCfg = Release|Any CPU
		{453BE25B-7812-5A2D-97C3-B275D86AEF58}.Release|Any CPU.Build.0 = Release|Any CPU
		{28B3DBD7-F24C-B6FC-0061-16F475B556B5}.Debug|Any CPU.ActiveCfg = Debug|Any CPU
		{28B3DBD7-F24C-B6FC-0061-16F475B556B5}.Debug|Any CPU.Build.0 = Debug|Any CPU
		{28B3DBD7-F24C-B6FC-0061-16F475B556B5}.Release|Any CPU.ActiveCfg = Release|Any CPU
		{28B3DBD7-F24C-B6FC-0061-16F475B556B5}.Release|Any CPU.Build.0 = Release|Any CPU
		{3CB4684A-C28C-C113-699F-14A40F73D351}.Debug|Any CPU.ActiveCfg = Debug|Any CPU
		{3CB4684A-C28C-C113-699F-14A40F73D351}.Debug|Any CPU.Build.0 = Debug|Any CPU
		{3CB4684A-C28C-C113-699F-14A40F73D351}.Release|Any CPU.ActiveCfg = Release|Any CPU
		{3CB4684A-C28C-C113-699F-14A40F73D351}.Release|Any CPU.Build.0 = Release|Any CPU
	EndGlobalSection
	GlobalSection(SolutionProperties) = preSolution
		HideSolutionNode = FALSE
	EndGlobalSection
																																																																																																																																																																																																																																																																																																																																																																								GlobalSection(MonoDevelopProperties) = preSolution
=======
																																																																																																																																																																																																																																																																																																																																																																											GlobalSection(MonoDevelopProperties) = preSolution
=======
																																																																																																																																																																																																																																																																																																																																																																						GlobalSection(MonoDevelopProperties) = preSolution
>>>>>>> .r95
>>>>>>> .r85
=======
																																																																																																																																																																																																																																																																												GlobalSection(MonoDevelopProperties) = preSolution
=======
																																																																																																																																																																																																																																																																																					GlobalSection(MonoDevelopProperties) = preSolution
>>>>>>> .r54
>>>>>>> .r47
=======
																																																																																																																																																																																																																																										GlobalSection(MonoDevelopProperties) = preSolution
=======
																																																																																																																																																																																																																																																																							GlobalSection(MonoDevelopProperties) = preSolution
>>>>>>> .r38
>>>>>>> .r11
=======
																																																																																							GlobalSection(MonoDevelopProperties) = preSolution
>>>>>>> .r4
		StartupItem = Assembly-CSharp.csproj
		Policies = $0
		$0.TextStylePolicy = $1
		$1.inheritsSet = null
		$1.scope = text/x-csharp
		$0.CSharpFormattingPolicy = $2
		$2.inheritsSet = Mono
		$2.inheritsScope = text/x-csharp
		$2.scope = text/x-csharp
		$0.TextStylePolicy = $3
		$3.FileWidth = 120
		$3.TabWidth = 4
		$3.EolMarker = Unix
		$3.inheritsSet = Mono
		$3.inheritsScope = text/plain
		$3.scope = text/plain
	EndGlobalSection

EndGlobal
